{
  "name": "cbt",
  "version": "1.0.0",
  "lockfileVersion": 3,
  "requires": true,
  "packages": {
    "": {
      "name": "cbt",
      "version": "1.0.0",
      "private": true,
      "workspaces": [
        "apps/api",
        "apps/web"
      ],
      "engines": {
        "node": ">=18.0.0",
        "npm": ">=9.0.0"
      }
    },
    "apps/api": {
      "name": "cbt-api",
      "version": "1.0.0",
      "private": true,
      "dependencies": {
        "express": "^4.18.0",
        "redis": "^4.6.0"
      }
    },
    "apps/web": {
      "name": "cbt-web",
      "version": "1.0.0",
      "private": true,
      "dependencies": {
        "next": "^14.0.0",
        "react": "^18.0.0",
        "react-dom": "^18.0.0"
      }
    }
  }
}
